// !$*UTF8*$!
{
	archiveVersion = 1;
	classes = {};
	objectVersion = 60;
	objects = {
		2FAD9763203C412B000D30F8 = {isa = PBXBuildFile; fileRef = 2FAD9762203C412B000D30F8; };
		50379B232058CBB4000EE86E = {isa = PBXBuildFile; fileRef = 50379B222058CBB4000EE86E; };
		504EC3081FED79650016851F = {isa = PBXBuildFile; fileRef = 504EC3071FED79650016851F; };
		504EC30D1FED79650016851F = {isa = PBXBuildFile; fileRef = 504EC30B1FED79650016851F; };
		504EC30F1FED79650016851F = {isa = PBXBuildFile; fileRef = 504EC30E1FED79650016851F; };
		504EC3121FED79650016851F = {isa = PBXBuildFile; fileRef = 504EC3101FED79650016851F; };
		50B271D11FEDC1A000F3C39B = {isa = PBXBuildFile; fileRef = 50B271D01FEDC1A000F3C39B; };
		2FAD9762203C412B000D30F8 = {isa = PBXFileReference; lastKnownFileType = text.xml; path = config.xml; sourceTree = "<group>"; };
		50379B222058CBB4000EE86E = {isa = PBXFileReference; fileEncoding = 4; lastKnownFileType = text.json; path = capacitor.config.json; sourceTree = "<group>"; };
		504EC3041FED79650016851F = {isa = PBXFileReference; explicitFileType = wrapper.application; includeInIndex = 0; path = App.app; sourceTree = BUILT_PRODUCTS_DIR; };
		504EC3071FED79650016851F = {isa = PBXFileReference; lastKnownFileType = sourcecode.swift; path = AppDelegate.swift; sourceTree = "<group>"; };
		504EC30C1FED79650016851F = {isa = PBXFileReference; lastKnownFileType = file.storyboard; name = Base; path = Base.lproj/Main.storyboard; sourceTree = "<group>"; };
		504EC30E1FED79650016851F = {isa = PBXFileReference; lastKnownFileType = folder.assetcatalog; path = Assets.xcassets; sourceTree = "<group>"; };
		504EC3111FED79650016851F = {isa = PBXFileReference; lastKnownFileType = file.storyboard; name = Base; path = Base.lproj/LaunchScreen.storyboard; sourceTree = "<group>"; };
		504EC3131FED79650016851F = {isa = PBXFileReference; lastKnownFileType = text.plist.xml; path = Info.plist; sourceTree = "<group>"; };
		50B271D01FEDC1A000F3C39B = {isa = PBXFileReference; lastKnownFileType = folder; path = public; sourceTree = "<group>"; };
		958DCC722DB07C7200EA8C5F = {isa = PBXFileReference; lastKnownFileType = text.xcconfig; name = debug.xcconfig; path = ../debug.xcconfig; sourceTree = SOURCE_ROOT; };
		504EC3011FED79650016851F = {isa = PBXFrameworksBuildPhase; buildActionMask = 2147483647; files = (); runOnlyForDeploymentPostprocessing = 0; };
		504EC2FB1FED79650016851F = {isa = PBXGroup; children = (958DCC722DB07C7200EA8C5F, 504EC3061FED79650016851F, 504EC3051FED79650016851F); sourceTree = "<group>"; };
		504EC3051FED79650016851F = {isa = PBXGroup; children = (504EC3041FED79650016851F); name = Products; sourceTree = "<group>"; };
		504EC3061FED79650016851F = {isa = PBXGroup; children = (50379B222058CBB4000EE86E, 504EC3071FED79650016851F, 504EC30B1FED79650016851F, 504EC30E1FED79650016851F, 504EC3101FED79650016851F, 504EC3131FED79650016851F, 2FAD9762203C412B000D30F8, 50B271D01FEDC1A000F3C39B); path = App; sourceTree = "<group>"; };
		504EC3031FED79650016851F = {isa = PBXNativeTarget; buildConfigurationList = 504EC3161FED79650016851F; buildPhases = (504EC3001FED79650016851F, 504EC3011FED79650016851F, 504EC3021FED79650016851F); buildRules = (); dependencies = (); name = App; packageProductDependencies = (); productName = App; productReference = 504EC3041FED79650016851F; productType = "com.apple.product-type.application"; };
		504EC2FC1FED79650016851F = {isa = PBXProject; attributes = {LastSwiftUpdateCheck = 0920; LastUpgradeCheck = 0920; TargetAttributes = {504EC3031FED79650016851F = {CreatedOnToolsVersion = 9.2; LastSwiftMigration = 1100;};};}; buildConfigurationList = 504EC2FF1FED79650016851F; compatibilityVersion = "Xcode 8.0"; developmentRegion = en; hasScannedForEncodings = 0; knownRegions = (en, Base); mainGroup = 504EC2FB1FED79650016851F; packageReferences = (); productRefGroup = 504EC3051FED79650016851F; projectDirPath = ""; projectRoot = ""; targets = (504EC3031FED79650016851F); };
		504EC3021FED79650016851F = {isa = PBXResourcesBuildPhase; buildActionMask = 2147483647; files = (504EC3121FED79650016851F, 50B271D11FEDC1A000F3C39B, 504EC30F1FED79650016851F, 50379B232058CBB4000EE86E, 504EC30D1FED79650016851F, 2FAD9763203C412B000D30F8); runOnlyForDeploymentPostprocessing = 0; };
		504EC3001FED79650016851F = {isa = PBXSourcesBuildPhase; buildActionMask = 2147483647; files = (504EC3081FED79650016851F); runOnlyForDeploymentPostprocessing = 0; };
		504EC30B1FED79650016851F = {isa = PBXVariantGroup; children = (504EC30C1FED79650016851F); name = Main.storyboard; sourceTree = "<group>"; };
		504EC3101FED79650016851F = {isa = PBXVariantGroup; children = (504EC3111FED79650016851F); name = LaunchScreen.storyboard; sourceTree = "<group>"; };
		504EC3141FED79650016851F = {isa = XCBuildConfiguration; baseConfigurationReference = 958DCC722DB07C7200EA8C5F; buildSettings = {CODE_SIGN_IDENTITY = "Apple Distribution"; IPHONEOS_DEPLOYMENT_TARGET = 15.0; SDKROOT = iphoneos; SWIFT_OPTIMIZATION_LEVEL = "-Onone"; }; name = Debug; };
		504EC3151FED79650016851F = {isa = XCBuildConfiguration; buildSettings = {CODE_SIGN_IDENTITY = "Apple Distribution"; IPHONEOS_DEPLOYMENT_TARGET = 15.0; SDKROOT = iphoneos; SWIFT_OPTIMIZATION_LEVEL = "-O"; }; name = Release; };
		504EC3171FED79650016851F = {isa = XCBuildConfiguration; baseConfigurationReference = 958DCC722DB07C7200EA8C5F; buildSettings = {ASSETCATALOG_COMPILER_APPICON_NAME = AppIcon; CODE_SIGN_STYLE = Manual; CURRENT_PROJECT_VERSION = 1; DEVELOPMENT_TEAM = H4QUDPK7S3; INFOPLIST_FILE = "App/Info.plist"; IPHONEOS_DEPLOYMENT_TARGET = 15.0; LD_RUNPATH_SEARCH_PATHS = ("$(inherited)", "@executable_path/Frameworks"); MARKETING_VERSION = 1.0; PRODUCT_BUNDLE_IDENTIFIER = com.tiligo.tilgo; PRODUCT_NAME = "$(TARGET_NAME)"; PROVISIONING_PROFILE_SPECIFIER = "TiliGo Cer"; SWIFT_VERSION = 5.0; TARGETED_DEVICE_FAMILY = "1,2"; }; name = Debug; };
		504EC3181FED79650016851F = {isa = XCBuildConfiguration; buildSettings = {ASSETCATALOG_COMPILER_APPICON_NAME = AppIcon; CODE_SIGN_STYLE = Manual; CURRENT_PROJECT_VERSION = 1; DEVELOPMENT_TEAM = H4QUDPK7S3; INFOPLIST_FILE = "App/Info.plist"; IPHONEOS_DEPLOYMENT_TARGET = 15.0; LD_RUNPATH_SEARCH_PATHS = ("$(inherited)", "@executable_path/Frameworks"); MARKETING_VERSION = 1.0; PRODUCT_BUNDLE_IDENTIFIER = com.tiligo.tilgo; PRODUCT_NAME = "$(TARGET_NAME)"; PROVISIONING_PROFILE_SPECIFIER = "TiliGo Cer"; SWIFT_VERSION = 5.0; TARGETED_DEVICE_FAMILY = "1,2"; }; name = Release; };
		504EC2FF1FED79650016851F = {isa = XCConfigurationList; buildConfigurations = (504EC3141FED79650016851F, 504EC3151FED79650016851F); defaultConfigurationIsVisible = 0; defaultConfigurationName = Release; };
		504EC3161FED79650016851F = {isa = XCConfigurationList; buildConfigurations = (504EC3171FED79650016851F, 504EC3181FED79650016851F); defaultConfigurationIsVisible = 0; defaultConfigurationName = Release; };
	};
	rootObject = 504EC2FC1FED79650016851F;
}
